// !$*UTF8*$!
{
	archiveVersion = 1;
	classes = {
	};
	objectVersion = 55;
	objects = {

/* Begin PBXBuildFile section */
		F22DEEDD27EDF0B200C9340A /* AppDelegate.swift in Sources */ = {isa = PBXBuildFile; fileRef = F22DEEDC27EDF0B200C9340A /* AppDelegate.swift */; };
		F22DEEDF27EDF0B200C9340A /* SceneDelegate.swift in Sources */ = {isa = PBXBuildFile; fileRef = F22DEEDE27EDF0B200C9340A /* SceneDelegate.swift */; };
		F22DEEE127EDF0B200C9340A /* ViewController.swift in Sources */ = {isa = PBXBuildFile; fileRef = F22DEEE027EDF0B200C9340A /* ViewController.swift */; };
		F22DEEE427EDF0B200C9340A /* Main.storyboard in Resources */ = {isa = PBXBuildFile; fileRef = F22DEEE227EDF0B200C9340A /* Main.storyboard */; };
		F22DEEE627EDF0B400C9340A /* Assets.xcassets in Resources */ = {isa = PBXBuildFile; fileRef = F22DEEE527EDF0B400C9340A /* Assets.xcassets */; };
		F22DEEE927EDF0B400C9340A /* LaunchScreen.storyboard in Resources */ = {isa = PBXBuildFile; fileRef = F22DEEE727EDF0B400C9340A /* LaunchScreen.storyboard */; };
		F24848AF27F1A7A00076ADD6 /* Somefile.swift in Sources */ = {isa = PBXBuildFile; fileRef = F24848AE27F1A7A00076ADD6 /* Somefile.swift */; };
/* End PBXBuildFile section */

/* Begin PBXFileReference section */
		F22DEED927EDF0B200C9340A /* Удали меня.app */ = {isa = PBXFileReference; explicitFileType = wrapper.application; includeInIndex = 0; path = "Удали меня.app"; sourceTree = BUILT_PRODUCTS_DIR; };
		F22DEEDC27EDF0B200C9340A /* AppDelegate.swift */ = {isa = PBXFileReference; lastKnownFileType = sourcecode.swift; path = AppDelegate.swift; sourceTree = "<group>"; };
		F22DEEDE27EDF0B200C9340A /* SceneDelegate.swift */ = {isa = PBXFileReference; lastKnownFileType = sourcecode.swift; path = SceneDelegate.swift; sourceTree = "<group>"; };
		F22DEEE027EDF0B200C9340A /* ViewController.swift */ = {isa = PBXFileReference; lastKnownFileType = sourcecode.swift; path = ViewController.swift; sourceTree = "<group>"; };
		F22DEEE327EDF0B200C9340A /* Base */ = {isa = PBXFileReference; lastKnownFileType = file.storyboard; name = Base; path = Base.lproj/Main.storyboard; sourceTree = "<group>"; };
		F22DEEE527EDF0B400C9340A /* Assets.xcassets */ = {isa = PBXFileReference; lastKnownFileType = folder.assetcatalog; path = Assets.xcassets; sourceTree = "<group>"; };
		F22DEEE827EDF0B400C9340A /* Base */ = {isa = PBXFileReference; lastKnownFileType = file.storyboard; name = Base; path = Base.lproj/LaunchScreen.storyboard; sourceTree = "<group>"; };
		F22DEEEA27EDF0B400C9340A /* Info.plist */ = {isa = PBXFileReference; lastKnownFileType = text.plist.xml; path = Info.plist; sourceTree = "<group>"; };
		F24848AE27F1A7A00076ADD6 /* Somefile.swift */ = {isa = PBXFileReference; lastKnownFileType = sourcecode.swift; path = Somefile.swift; sourceTree = "<group>"; };
/* End PBXFileReference section */

/* Begin PBXFrameworksBuildPhase section */
		F22DEED627EDF0B200C9340A /* Frameworks */ = {
			isa = PBXFrameworksBuildPhase;
			buildActionMask = 2147483647;
			files = (
			);
			runOnlyForDeploymentPostprocessing = 0;
		};
/* End PBXFrameworksBuildPhase section */

/* Begin PBXGroup section */
		F22DEED027EDF0B200C9340A = {
			isa = PBXGroup;
			children = (
				F22DEEDB27EDF0B200C9340A /* Удали меня */,
				F22DEEDA27EDF0B200C9340A /* Products */,
			);
			sourceTree = "<group>";
		};
		F22DEEDA27EDF0B200C9340A /* Products */ = {
			isa = PBXGroup;
			children = (
				F22DEED927EDF0B200C9340A /* Удали меня.app */,
			);
			name = Products;
			sourceTree = "<group>";
		};
		F22DEEDB27EDF0B200C9340A /* Удали меня */ = {
			isa = PBXGroup;
			children = (
				F22DEEDC27EDF0B200C9340A /* AppDelegate.swift */,
				F22DEEDE27EDF0B200C9340A /* SceneDelegate.swift */,
				F22DEEE027EDF0B200C9340A /* ViewController.swift */,
				F24848AE27F1A7A00076ADD6 /* Somefile.swift */,
				F22DEEE227EDF0B200C9340A /* Main.storyboard */,
				F22DEEE527EDF0B400C9340A /* Assets.xcassets */,
				F22DEEE727EDF0B400C9340A /* LaunchScreen.storyboard */,
				F22DEEEA27EDF0B400C9340A /* Info.plist */,
			);
			path = "Удали меня";
			sourceTree = "<group>";
		};
/* End PBXGroup section */

/* Begin PBXNativeTarget section */
		F22DEED827EDF0B200C9340A /* Удали меня */ = {
			isa = PBXNativeTarget;
			buildConfigurationList = F22DEEED27EDF0B400C9340A /* Build configuration list for PBXNativeTarget "Удали меня" */;
			buildPhases = (
				F22DEED527EDF0B200C9340A /* Sources */,
				F22DEED627EDF0B200C9340A /* Frameworks */,
				F22DEED727EDF0B200C9340A /* Resources */,
			);
			buildRules = (
			);
			dependencies = (
			);
			name = "Удали меня";
			productName = "Удали меня";
			productReference = F22DEED927EDF0B200C9340A /* Удали меня.app */;
			productType = "com.apple.product-type.application";
		};
/* End PBXNativeTarget section */

/* Begin PBXProject section */
		F22DEED127EDF0B200C9340A /* Project object */ = {
			isa = PBXProject;
			attributes = {
				BuildIndependentTargetsInParallel = 1;
				LastSwiftUpdateCheck = 1330;
				LastUpgradeCheck = 1330;
				TargetAttributes = {
					F22DEED827EDF0B200C9340A = {
						CreatedOnToolsVersion = 13.3;
					};
				};
			};
			buildConfigurationList = F22DEED427EDF0B200C9340A /* Build configuration list for PBXProject "Удали меня" */;
			compatibilityVersion = "Xcode 13.0";
			developmentRegion = en;
			hasScannedForEncodings = 0;
			knownRegions = (
				en,
				Base,
			);
			mainGroup = F22DEED027EDF0B200C9340A;
			productRefGroup = F22DEEDA27EDF0B200C9340A /* Products */;
			projectDirPath = "";
			projectRoot = "";
			targets = (
				F22DEED827EDF0B200C9340A /* Удали меня */,
			);
		};
/* End PBXProject section */

/* Begin PBXResourcesBuildPhase section */
		F22DEED727EDF0B200C9340A /* Resources */ = {
			isa = PBXResourcesBuildPhase;
			buildActionMask = 2147483647;
			files = (
				F22DEEE927EDF0B400C9340A /* LaunchScreen.storyboard in Resources */,
				F22DEEE627EDF0B400C9340A /* Assets.xcassets in Resources */,
				F22DEEE427EDF0B200C9340A /* Main.storyboard in Resources */,
			);
			runOnlyForDeploymentPostprocessing = 0;
		};
/* End PBXResourcesBuildPhase section */

/* Begin PBXSourcesBuildPhase section */
		F22DEED527EDF0B200C9340A /* Sources */ = {
			isa = PBXSourcesBuildPhase;
			buildActionMask = 2147483647;
			files = (
				F22DEEE127EDF0B200C9340A /* ViewController.swift in Sources */,
				F24848AF27F1A7A00076ADD6 /* Somefile.swift in Sources */,
				F22DEEDD27EDF0B200C9340A /* AppDelegate.swift in Sources */,
				F22DEEDF27EDF0B200C9340A /* SceneDelegate.swift in Sources */,
			);
			runOnlyForDeploymentPostprocessing = 0;
		};
/* End PBXSourcesBuildPhase section */

/* Begin PBXVariantGroup section */
		F22DEEE227EDF0B200C9340A /* Main.storyboard */ = {
			isa = PBXVariantGroup;
			children = (
				F22DEEE327EDF0B200C9340A /* Base */,
			);
			name = Main.storyboard;
			sourceTree = "<group>";
		};
		F22DEEE727EDF0B400C9340A /* LaunchScreen.storyboard */ = {
			isa = PBXVariantGroup;
			children = (
				F22DEEE827EDF0B400C9340A /* Base */,
			);
			name = LaunchScreen.storyboard;
			sourceTree = "<group>";
		};
/* End PBXVariantGroup section */

/* Begin XCBuildConfiguration section */
		F22DEEEB27EDF0B400C9340A /* Debug */ = {
			isa = XCBuildConfiguration;
			buildSettings = {
				ALWAYS_SEARCH_USER_PATHS = NO;
				CLANG_ANALYZER_NONNULL = YES;
				CLANG_ANALYZER_NUMBER_OBJECT_CONVERSION = YES_AGGRESSIVE;
				CLANG_CXX_LANGUAGE_STANDARD = "gnu++17";
				CLANG_ENABLE_MODULES = YES;
				CLANG_ENABLE_OBJC_ARC = YES;
				CLANG_ENABLE_OBJC_WEAK = YES;
				CLANG_WARN_BLOCK_CAPTURE_AUTORELEASING = YES;
				CLANG_WARN_BOOL_CONVERSION = YES;
				CLANG_WARN_COMMA = YES;
				CLANG_WARN_CONSTANT_CONVERSION = YES;
				CLANG_WARN_DEPRECATED_OBJC_IMPLEMENTATIONS = YES;
				CLANG_WARN_DIRECT_OBJC_ISA_USAGE = YES_ERROR;
				CLANG_WARN_DOCUMENTATION_COMMENTS = YES;
				CLANG_WARN_EMPTY_BODY = YES;
				CLANG_WARN_ENUM_CONVERSION = YES;
				CLANG_WARN_INFINITE_RECURSION = YES;
				CLANG_WARN_INT_CONVERSION = YES;
				CLANG_WARN_NON_LITERAL_NULL_CONVERSION = YES;
				CLANG_WARN_OBJC_IMPLICIT_RETAIN_SELF = YES;
				CLANG_WARN_OBJC_LITERAL_CONVERSION = YES;
				CLANG_WARN_OBJC_ROOT_CLASS = YES_ERROR;
				CLANG_WARN_QUOTED_INCLUDE_IN_FRAMEWORK_HEADER = YES;
				CLANG_WARN_RANGE_LOOP_ANALYSIS = YES;
				CLANG_WARN_STRICT_PROTOTYPES = YES;
				CLANG_WARN_SUSPICIOUS_MOVE = YES;
				CLANG_WARN_UNGUARDED_AVAILABILITY = YES_AGGRESSIVE;
				CLANG_WARN_UNREACHABLE_CODE = YES;
				CLANG_WARN__DUPLICATE_METHOD_MATCH = YES;
				COPY_PHASE_STRIP = NO;
				DEBUG_INFORMATION_FORMAT = dwarf;
				ENABLE_STRICT_OBJC_MSGSEND = YES;
				ENABLE_TESTABILITY = YES;
				GCC_C_LANGUAGE_STANDARD = gnu11;
				GCC_DYNAMIC_NO_PIC = NO;
				GCC_NO_COMMON_BLOCKS = YES;
				GCC_OPTIMIZATION_LEVEL = 0;
				GCC_PREPROCESSOR_DEFINITIONS = (
					"DEBUG=1",
					"$(inherited)",
				);
				GCC_WARN_64_TO_32_BIT_CONVERSION = YES;
				GCC_WARN_ABOUT_RETURN_TYPE = YES_ERROR;
				GCC_WARN_UNDECLARED_SELECTOR = YES;
				GCC_WARN_UNINITIALIZED_AUTOS = YES_AGGRESSIVE;
				GCC_WARN_UNUSED_FUNCTION = YES;
				GCC_WARN_UNUSED_VARIABLE = YES;
				IPHONEOS_DEPLOYMENT_TARGET = 15.4;
				MTL_ENABLE_DEBUG_INFO = INCLUDE_SOURCE;
				MTL_FAST_MATH = YES;
				ONLY_ACTIVE_ARCH = YES;
				SDKROOT = iphoneos;
				SWIFT_ACTIVE_COMPILATION_CONDITIONS = DEBUG;
				SWIFT_OPTIMIZATION_LEVEL = "-Onone";
			};
			name = Debug;
		};
		F22DEEEC27EDF0B400C9340A /* Release */ = {
			isa = XCBuildConfiguration;
			buildSettings = {
				ALWAYS_SEARCH_USER_PATHS = NO;
				CLANG_ANALYZER_NONNULL = YES;
				CLANG_ANALYZER_NUMBER_OBJECT_CONVERSION = YES_AGGRESSIVE;
				CLANG_CXX_LANGUAGE_STANDARD = "gnu++17";
				CLANG_ENABLE_MODULES = YES;
				CLANG_ENABLE_OBJC_ARC = YES;
				CLANG_ENABLE_OBJC_WEAK = YES;
				CLANG_WARN_BLOCK_CAPTURE_AUTORELEASING = YES;
				CLANG_WARN_BOOL_CONVERSION = YES;
				CLANG_WARN_COMMA = YES;
				CLANG_WARN_CONSTANT_CONVERSION = YES;
				CLANG_WARN_DEPRECATED_OBJC_IMPLEMENTATIONS = YES;
				CLANG_WARN_DIRECT_OBJC_ISA_USAGE = YES_ERROR;
				CLANG_WARN_DOCUMENTATION_COMMENTS = YES;
				CLANG_WARN_EMPTY_BODY = YES;
				CLANG_WARN_ENUM_CONVERSION = YES;
				CLANG_WARN_INFINITE_RECURSION = YES;
				CLANG_WARN_INT_CONVERSION = YES;
				CLANG_WARN_NON_LITERAL_NULL_CONVERSION = YES;
				CLANG_WARN_OBJC_IMPLICIT_RETAIN_SELF = YES;
				CLANG_WARN_OBJC_LITERAL_CONVERSION = YES;
				CLANG_WARN_OBJC_ROOT_CLASS = YES_ERROR;
				CLANG_WARN_QUOTED_INCLUDE_IN_FRAMEWORK_HEADER = YES;
				CLANG_WARN_RANGE_LOOP_ANALYSIS = YES;
				CLANG_WARN_STRICT_PROTOTYPES = YES;
				CLANG_WARN_SUSPICIOUS_MOVE = YES;
				CLANG_WARN_UNGUARDED_AVAILABILITY = YES_AGGRESSIVE;
				CLANG_WARN_UNREACHABLE_CODE = YES;
				CLANG_WARN__DUPLICATE_METHOD_MATCH = YES;
				COPY_PHASE_STRIP = NO;
				DEBUG_INFORMATION_FORMAT = "dwarf-with-dsym";
				ENABLE_NS_ASSERTIONS = NO;
				ENABLE_STRICT_OBJC_MSGSEND = YES;
				GCC_C_LANGUAGE_STANDARD = gnu11;
				GCC_NO_COMMON_BLOCKS = YES;
				GCC_WARN_64_TO_32_BIT_CONVERSION = YES;
				GCC_WARN_ABOUT_RETURN_TYPE = YES_ERROR;
				GCC_WARN_UNDECLARED_SELECTOR = YES;
				GCC_WARN_UNINITIALIZED_AUTOS = YES_AGGRESSIVE;
				GCC_WARN_UNUSED_FUNCTION = YES;
				GCC_WARN_UNUSED_VARIABLE = YES;
				IPHONEOS_DEPLOYMENT_TARGET = 15.4;
				MTL_ENABLE_DEBUG_INFO = NO;
				MTL_FAST_MATH = YES;
				SDKROOT = iphoneos;
				SWIFT_COMPILATION_MODE = wholemodule;
				SWIFT_OPTIMIZATION_LEVEL = "-O";
				VALIDATE_PRODUCT = YES;
			};
			name = Release;
		};
		F22DEEEE27EDF0B400C9340A /* Debug */ = {
			isa = XCBuildConfiguration;
			buildSettings = {
				ASSETCATALOG_COMPILER_APPICON_NAME = AppIcon;
				ASSETCATALOG_COMPILER_GLOBAL_ACCENT_COLOR_NAME = AccentColor;
				CODE_SIGN_STYLE = Automatic;
				CURRENT_PROJECT_VERSION = 1;
				GENERATE_INFOPLIST_FILE = YES;
				INFOPLIST_FILE = "Удали меня/Info.plist";
				INFOPLIST_KEY_UIApplicationSupportsIndirectInputEvents = YES;
				INFOPLIST_KEY_UILaunchStoryboardName = LaunchScreen;
				INFOPLIST_KEY_UIMainStoryboardFile = Main;
				INFOPLIST_KEY_UISupportedInterfaceOrientations_iPad = "UIInterfaceOrientationPortrait UIInterfaceOrientationPortraitUpsideDown UIInterfaceOrientationLandscapeLeft UIInterfaceOrientationLandscapeRight";
				INFOPLIST_KEY_UISupportedInterfaceOrientations_iPhone = "UIInterfaceOrientationPortrait UIInterfaceOrientationLandscapeLeft UIInterfaceOrientationLandscapeRight";
				LD_RUNPATH_SEARCH_PATHS = (
					"$(inherited)",
					"@executable_path/Frameworks",
				);
				MARKETING_VERSION = 1.0;
				PRODUCT_BUNDLE_IDENTIFIER = "ff.----------";
				PRODUCT_NAME = "$(TARGET_NAME)";
				SWIFT_EMIT_LOC_STRINGS = YES;
				SWIFT_VERSION = 5.0;
				TARGETED_DEVICE_FAMILY = "1,2";
			};
			name = Debug;
		};
		F22DEEEF27EDF0B400C9340A /* Release */ = {
			isa = XCBuildConfiguration;
			buildSettings = {
				ASSETCATALOG_COMPILER_APPICON_NAME = AppIcon;
				ASSETCATALOG_COMPILER_GLOBAL_ACCENT_COLOR_NAME = AccentColor;
				CODE_SIGN_STYLE = Automatic;
				CURRENT_PROJECT_VERSION = 1;
				GENERATE_INFOPLIST_FILE = YES;
				INFOPLIST_FILE = "Удали меня/Info.plist";
				INFOPLIST_KEY_UIApplicationSupportsIndirectInputEvents = YES;
				INFOPLIST_KEY_UILaunchStoryboardName = LaunchScreen;
				INFOPLIST_KEY_UIMainStoryboardFile = Main;
				INFOPLIST_KEY_UISupportedInterfaceOrientations_iPad = "UIInterfaceOrientationPortrait UIInterfaceOrientationPortraitUpsideDown UIInterfaceOrientationLandscapeLeft UIInterfaceOrientationLandscapeRight";
				INFOPLIST_KEY_UISupportedInterfaceOrientations_iPhone = "UIInterfaceOrientationPortrait UIInterfaceOrientationLandscapeLeft UIInterfaceOrientationLandscapeRight";
				LD_RUNPATH_SEARCH_PATHS = (
					"$(inherited)",
					"@executable_path/Frameworks",
				);
				MARKETING_VERSION = 1.0;
				PRODUCT_BUNDLE_IDENTIFIER = "ff.----------";
				PRODUCT_NAME = "$(TARGET_NAME)";
				SWIFT_EMIT_LOC_STRINGS = YES;
				SWIFT_VERSION = 5.0;
				TARGETED_DEVICE_FAMILY = "1,2";
			};
			name = Release;
		};
/* End XCBuildConfiguration section */

/* Begin XCConfigurationList section */
		F22DEED427EDF0B200C9340A /* Build configuration list for PBXProject "Удали меня" */ = {
			isa = XCConfigurationList;
			buildConfigurations = (
				F22DEEEB27EDF0B400C9340A /* Debug */,
				F22DEEEC27EDF0B400C9340A /* Release */,
			);
			defaultConfigurationIsVisible = 0;
			defaultConfigurationName = Release;
		};
		F22DEEED27EDF0B400C9340A /* Build configuration list for PBXNativeTarget "Удали меня" */ = {
			isa = XCConfigurationList;
			buildConfigurations = (
				F22DEEEE27EDF0B400C9340A /* Debug */,
				F22DEEEF27EDF0B400C9340A /* Release */,
			);
			defaultConfigurationIsVisible = 0;
			defaultConfigurationName = Release;
		};
/* End XCConfigurationList section */
	};
	rootObject = F22DEED127EDF0B200C9340A /* Project object */;
}
